
Microsoft Visual Studio Solution File, Format Version 12.00
# Visual Studio Version 16
VisualStudioVersion = 16.0.30717.126
MinimumVisualStudioVersion = 10.0.40219.1
Project("{FAE04EC0-301F-11D3-BF4B-00C04F79EFBC}") = "MVC_Application", "MVC_Application\MVC_Application.csproj", "{68F154FE-8A82-4E3C-8516-4D5C1BA81D69}"
EndProject
Global
	GlobalSection(SolutionConfigurationPlatforms) = preSolution
		Debug|Any CPU = Debug|Any CPU
		Release|Any CPU = Release|Any CPU
	EndGlobalSection
	GlobalSection(ProjectConfigurationPlatforms) = postSolution
		{68F154FE-8A82-4E3C-8516-4D5C1BA81D69}.Debug|Any CPU.ActiveCfg = Debug|Any CPU
		{68F154FE-8A82-4E3C-8516-4D5C1BA81D69}.Debug|Any CPU.Build.0 = Debug|Any CPU
		{68F154FE-8A82-4E3C-8516-4D5C1BA81D69}.Release|Any CPU.ActiveCfg = Release|Any CPU
		{68F154FE-8A82-4E3C-8516-4D5C1BA81D69}.Release|Any CPU.Build.0 = Release|Any CPU
	EndGlobalSection
	GlobalSection(SolutionProperties) = preSolution
		HideSolutionNode = FALSE
	EndGlobalSection
	GlobalSection(ExtensibilityGlobals) = postSolution
		SolutionGuid = {0E0D86B7-6F49-4A6D-B589-1642F8751F8C}
	EndGlobalSection
EndGlobal
